<Solution>
  <Folder Name="/src/">
    <Project Path="src/NexoBar.Catalog/NexoBar.Catalog.csproj" />
    <Project Path="src/NexoBar.Host/NexoBar.Host.csproj" />
    <Project Path="src/NexoBar.IdentitiesAndCapabilities/NexoBar.IdentitiesAndCapabilities.csproj" />
    <Project Path="src/NexoBar.Inventory/NexoBar.Inventory.csproj" />
    <Project Path="src/NexoBar.OperationalConfiguration/NexoBar.OperationalConfiguration.csproj" />
    <Project Path="src/NexoBar.OrderOperations/NexoBar.OrderOperations.csproj" />
  </Folder>
  <Folder Name="/tests/">
    <Project Path="tests/NexoBar.Catalog.IntegrationTests/NexoBar.Catalog.IntegrationTests.csproj" />
    <Project Path="tests/NexoBar.E2E.DatabaseSetup/NexoBar.E2E.DatabaseSetup.csproj" />
    <Project Path="tests/NexoBar.OrderOperations.IntegrationTests/NexoBar.OrderOperations.IntegrationTests.csproj" />
    <Project Path="tests/NexoBar.OperationalConfiguration.IntegrationTests/NexoBar.OperationalConfiguration.IntegrationTests.csproj" />
  </Folder>
</Solution>
